{
  "name": "ssrf-guard-js-publisher-docs",
  "lockfileVersion": 3,
  "requires": true,
  "packages": {
    "": {
      "name": "ssrf-guard-js-publisher-docs",
      "devDependencies": {
        "@devslab/site-kit": "0.8.0"
      }
    },
    "node_modules/@devslab/dds-css": {
      "version": "0.8.0",
      "resolved": "https://registry.npmjs.org/@devslab/dds-css/-/dds-css-0.8.0.tgz",
      "integrity": "sha512-PxibTv92uMzU3rKtOesFUOSR5x3RWp3JHoO9LBidlqwFOjg37+Wd/Y7prLA8mw7USJ1FnF/R5Q4xHDJHk3iCAQ==",
      "dev": true,
      "license": "SEE LICENSE IN LICENSE"
    },
    "node_modules/@devslab/dds-icons": {
      "version": "0.8.0",
      "resolved": "https://registry.npmjs.org/@devslab/dds-icons/-/dds-icons-0.8.0.tgz",
      "integrity": "sha512-kspidNuH1A1E9euuVYlsw5D+vLsPZf01+lGShyB186ru7UEsLkz3epdNH9ry+OPx4lloGYzigyyqq1jwBK8Ofg==",
      "dev": true,
      "license": "SEE LICENSE IN LICENSE"
    },
    "node_modules/@devslab/dds-solid": {
      "version": "0.8.0",
      "resolved": "https://registry.npmjs.org/@devslab/dds-solid/-/dds-solid-0.8.0.tgz",
      "integrity": "sha512-Q05I3QeiaIJga1ixgw+usw3U9Oc4V8tps8mv/Jylu1B0uip4IiAILIM2sePaeJe/ciGfRTxJRsAtprqfyk9I/w==",
      "dev": true,
      "license": "SEE LICENSE IN LICENSE",
      "dependencies": {
        "@devslab/dds-css": "0.8.0",
        "@devslab/dds-icons": "0.8.0",
        "@devslab/dds-tokens": "0.8.0"
      },
      "peerDependencies": {
        "solid-js": "1.9.15"
      }
    },
    "node_modules/@devslab/dds-tokens": {
      "version": "0.8.0",
      "resolved": "https://registry.npmjs.org/@devslab/dds-tokens/-/dds-tokens-0.8.0.tgz",
      "integrity": "sha512-lI/K50/jbKFWjlnTIBce23xry7JbJ1Io461VwUjpLvTAxTrZ5vee9ybosSMSTIs/BDWQidt6V80ghZxsGjX5yg==",
      "dev": true,
      "license": "SEE LICENSE IN LICENSE"
    },
    "node_modules/@devslab/site-kit": {
      "version": "0.8.0",
      "resolved": "https://registry.npmjs.org/@devslab/site-kit/-/site-kit-0.8.0.tgz",
      "integrity": "sha512-m2J6/GH7zid3db+BhoN/2GGUg4tlOsDamXBLFjJg+r8JqDgUv5QyocM5tPgqhW6G/jwKIxS0cZo8RcJJAvU7gQ==",
      "dev": true,
      "license": "SEE LICENSE IN LICENSE",
      "dependencies": {
        "@devslab/dds-solid": "0.8.0"
      },
      "peerDependencies": {
        "@tanstack/solid-router": "1.170.30",
        "@tanstack/solid-start": "1.168.47",
        "solid-js": "1.9.15"
      },
      "peerDependenciesMeta": {
        "@tanstack/solid-router": {
          "optional": true
        },
        "@tanstack/solid-start": {
          "optional": true
        }
      }
    },
    "node_modules/csstype": {
      "version": "3.2.3",
      "resolved": "https://registry.npmjs.org/csstype/-/csstype-3.2.3.tgz",
      "integrity": "sha512-z1HGKcYy2xA8AGQfwrn0PAy+PB7X/GSj3UVJW9qKyn43xWa+gl5nXmU4qqLMRzWVLFC8KusUX8T/0kCiOYpAIQ==",
      "dev": true,
      "license": "MIT",
      "peer": true
    },
    "node_modules/seroval": {
      "version": "1.5.6",
      "resolved": "https://registry.npmjs.org/seroval/-/seroval-1.5.6.tgz",
      "integrity": "sha512-rVQVWjjSvlINzaQPZH5JFqsqEsIWdTxY3iJZCnTL/5gQbXIRooVZKI60tVCkOVfzcRPejboxO2t0P89dg5mQaA==",
      "dev": true,
      "license": "MIT",
      "peer": true,
      "engines": {
        "node": ">=10"
      }
    },
    "node_modules/seroval-plugins": {
      "version": "1.5.6",
      "resolved": "https://registry.npmjs.org/seroval-plugins/-/seroval-plugins-1.5.6.tgz",
      "integrity": "sha512-HXuLAX2pu/UByPpaeo/TaMfvMIi+1QqIoPJYCcAtU8QkVNwgR6MPlGuCQTErV1JwraaMbYaWVIBX7mppzGLATQ==",
      "dev": true,
      "license": "MIT",
      "peer": true,
      "engines": {
        "node": ">=10"
      },
      "peerDependencies": {
        "seroval": "^1.0"
      }
    },
    "node_modules/solid-js": {
      "version": "1.9.15",
      "resolved": "https://registry.npmjs.org/solid-js/-/solid-js-1.9.15.tgz",
      "integrity": "sha512-EeiY2xfpZJqPLjXspVEKjAII4yv8NyG//NxZ3IpOFHdUNnnTyL0uJOeS9LWGvA7cFCz5y94cjFwYlmw5Luncsg==",
      "dev": true,
      "license": "MIT",
      "peer": true,
      "dependencies": {
        "csstype": "^3.1.0",
        "seroval": "~1.5.4",
        "seroval-plugins": "~1.5.4"
      }
    }
  }
}
